{
  "R": {
    "Version": "4.2.1",
    "Repositories": [
      {
        "Name": "CRAN",
        "URL": "https://packagemanager.posit.co/cran/latest"
      }
    ]
  },
  "Packages": {
    "Rglpk": {
      "Package": "Rglpk",
      "Version": "0.6-4",
      "Source": "Repository",
      "Repository": "CRAN",
      "Requirements": [
        "slam"
      ],
      "Hash": "94a9ae53d323c330f2bc5bda54ea9f31"
    },
    "renv": {
      "Package": "renv",
      "Version": "1.0.3",
      "Source": "Repository",
      "Repository": "CRAN",
      "Requirements": [
        "utils"
      ],
      "Hash": "41b847654f567341725473431dd0d5ab"
    },
    "slam": {
      "Package": "slam",
      "Version": "0.1-50",
      "Source": "Repository",
      "Repository": "RSPM",
      "Requirements": [
        "R",
        "stats"
      ],
      "Hash": "e25793551cbdb843154152e5ee88cbd6"
    }
  }
}
